
Microsoft Visual Studio Solution File, Format Version 12.00
# Visual Studio 14
VisualStudioVersion = 14.0.24720.0
MinimumVisualStudioVersion = 10.0.40219.1
Project("{8BC9CEB8-8B4A-11D0-8D11-00A0C91BC942}") = "opencv.showimage", "opencv.showimage\opencv.showimage.vcxproj", "{E3752492-FFCF-4CF6-B979-F2B78D2E2EE6}"
EndProject
Project("{8BC9CEB8-8B4A-11D0-8D11-00A0C91BC942}") = "opencv.showvideo", "opencv.showvideo\opencv.showvideo.vcxproj", "{3D8693D7-CE7A-4D1D-AA2B-F75F8162FB8F}"
EndProject
Project("{8BC9CEB8-8B4A-11D0-8D11-00A0C91BC942}") = "opencv.datatype", "opencv.datatype\opencv.datatype.vcxproj", "{B913537E-FA33-486F-BCB0-2DB881039361}"
EndProject
Project("{8BC9CEB8-8B4A-11D0-8D11-00A0C91BC942}") = "opencv.datatype.II", "opencv.datatype.II\opencv.datatype.II.vcxproj", "{94F3F64B-0BE0-45FC-A894-3784F32DE5AC}"
EndProject
Project("{8BC9CEB8-8B4A-11D0-8D11-00A0C91BC942}") = "opencv.gui", "opencv.gui\opencv.gui.vcxproj", "{AA9DC68B-B4B3-4EB7-A520-00962C696938}"
EndProject
Project("{8BC9CEB8-8B4A-11D0-8D11-00A0C91BC942}") = "opencv.gui.II", "opencv.gui.II\opencv.gui.II.vcxproj", "{8AF2FF85-7EB6-4671-A67E-601A94648BC4}"
EndProject
Global
	GlobalSection(SolutionConfigurationPlatforms) = preSolution
		Debug|x64 = Debug|x64
		Debug|x86 = Debug|x86
		Release|x64 = Release|x64
		Release|x86 = Release|x86
	EndGlobalSection
	GlobalSection(ProjectConfigurationPlatforms) = postSolution
		{E3752492-FFCF-4CF6-B979-F2B78D2E2EE6}.Debug|x64.ActiveCfg = Debug|x64
		{E3752492-FFCF-4CF6-B979-F2B78D2E2EE6}.Debug|x64.Build.0 = Debug|x64
		{E3752492-FFCF-4CF6-B979-F2B78D2E2EE6}.Debug|x86.ActiveCfg = Debug|Win32
		{E3752492-FFCF-4CF6-B979-F2B78D2E2EE6}.Debug|x86.Build.0 = Debug|Win32
		{E3752492-FFCF-4CF6-B979-F2B78D2E2EE6}.Release|x64.ActiveCfg = Release|x64
		{E3752492-FFCF-4CF6-B979-F2B78D2E2EE6}.Release|x64.Build.0 = Release|x64
		{E3752492-FFCF-4CF6-B979-F2B78D2E2EE6}.Release|x86.ActiveCfg = Release|Win32
		{E3752492-FFCF-4CF6-B979-F2B78D2E2EE6}.Release|x86.Build.0 = Release|Win32
		{3D8693D7-CE7A-4D1D-AA2B-F75F8162FB8F}.Debug|x64.ActiveCfg = Debug|x64
		{3D8693D7-CE7A-4D1D-AA2B-F75F8162FB8F}.Debug|x64.Build.0 = Debug|x64
		{3D8693D7-CE7A-4D1D-AA2B-F75F8162FB8F}.Debug|x86.ActiveCfg = Debug|Win32
		{3D8693D7-CE7A-4D1D-AA2B-F75F8162FB8F}.Debug|x86.Build.0 = Debug|Win32
		{3D8693D7-CE7A-4D1D-AA2B-F75F8162FB8F}.Release|x64.ActiveCfg = Release|x64
		{3D8693D7-CE7A-4D1D-AA2B-F75F8162FB8F}.Release|x64.Build.0 = Release|x64
		{3D8693D7-CE7A-4D1D-AA2B-F75F8162FB8F}.Release|x86.ActiveCfg = Release|Win32
		{3D8693D7-CE7A-4D1D-AA2B-F75F8162FB8F}.Release|x86.Build.0 = Release|Win32
		{B913537E-FA33-486F-BCB0-2DB881039361}.Debug|x64.ActiveCfg = Debug|x64
		{B913537E-FA33-486F-BCB0-2DB881039361}.Debug|x64.Build.0 = Debug|x64
		{B913537E-FA33-486F-BCB0-2DB881039361}.Debug|x86.ActiveCfg = Debug|Win32
		{B913537E-FA33-486F-BCB0-2DB881039361}.Debug|x86.Build.0 = Debug|Win32
		{B913537E-FA33-486F-BCB0-2DB881039361}.Release|x64.ActiveCfg = Release|x64
		{B913537E-FA33-486F-BCB0-2DB881039361}.Release|x64.Build.0 = Release|x64
		{B913537E-FA33-486F-BCB0-2DB881039361}.Release|x86.ActiveCfg = Release|Win32
		{B913537E-FA33-486F-BCB0-2DB881039361}.Release|x86.Build.0 = Release|Win32
		{94F3F64B-0BE0-45FC-A894-3784F32DE5AC}.Debug|x64.ActiveCfg = Debug|x64
		{94F3F64B-0BE0-45FC-A894-3784F32DE5AC}.Debug|x64.Build.0 = Debug|x64
		{94F3F64B-0BE0-45FC-A894-3784F32DE5AC}.Debug|x86.ActiveCfg = Debug|Win32
		{94F3F64B-0BE0-45FC-A894-3784F32DE5AC}.Debug|x86.Build.0 = Debug|Win32
		{94F3F64B-0BE0-45FC-A894-3784F32DE5AC}.Release|x64.ActiveCfg = Release|x64
		{94F3F64B-0BE0-45FC-A894-3784F32DE5AC}.Release|x64.Build.0 = Release|x64
		{94F3F64B-0BE0-45FC-A894-3784F32DE5AC}.Release|x86.ActiveCfg = Release|Win32
		{94F3F64B-0BE0-45FC-A894-3784F32DE5AC}.Release|x86.Build.0 = Release|Win32
		{AA9DC68B-B4B3-4EB7-A520-00962C696938}.Debug|x64.ActiveCfg = Debug|x64
		{AA9DC68B-B4B3-4EB7-A520-00962C696938}.Debug|x64.Build.0 = Debug|x64
		{AA9DC68B-B4B3-4EB7-A520-00962C696938}.Debug|x86.ActiveCfg = Debug|Win32
		{AA9DC68B-B4B3-4EB7-A520-00962C696938}.Debug|x86.Build.0 = Debug|Win32
		{AA9DC68B-B4B3-4EB7-A520-00962C696938}.Release|x64.ActiveCfg = Release|x64
		{AA9DC68B-B4B3-4EB7-A520-00962C696938}.Release|x64.Build.0 = Release|x64
		{AA9DC68B-B4B3-4EB7-A520-00962C696938}.Release|x86.ActiveCfg = Release|Win32
		{AA9DC68B-B4B3-4EB7-A520-00962C696938}.Release|x86.Build.0 = Release|Win32
		{8AF2FF85-7EB6-4671-A67E-601A94648BC4}.Debug|x64.ActiveCfg = Debug|x64
		{8AF2FF85-7EB6-4671-A67E-601A94648BC4}.Debug|x64.Build.0 = Debug|x64
		{8AF2FF85-7EB6-4671-A67E-601A94648BC4}.Debug|x86.ActiveCfg = Debug|Win32
		{8AF2FF85-7EB6-4671-A67E-601A94648BC4}.Debug|x86.Build.0 = Debug|Win32
		{8AF2FF85-7EB6-4671-A67E-601A94648BC4}.Release|x64.ActiveCfg = Release|x64
		{8AF2FF85-7EB6-4671-A67E-601A94648BC4}.Release|x64.Build.0 = Release|x64
		{8AF2FF85-7EB6-4671-A67E-601A94648BC4}.Release|x86.ActiveCfg = Release|Win32
		{8AF2FF85-7EB6-4671-A67E-601A94648BC4}.Release|x86.Build.0 = Release|Win32
	EndGlobalSection
	GlobalSection(SolutionProperties) = preSolution
		HideSolutionNode = FALSE
	EndGlobalSection
EndGlobal
